<?xml version="1.0" encoding="utf-8"?>
<Project ToolsVersion="4.0" xmlns="http://schemas.microsoft.com/developer/msbuild/2003">
  <ItemGroup>
    <Filter Include="ソース ファイル">
      <UniqueIdentifier>{4FC737F1-C7A5-4376-A066-2A32D752A2FF}</UniqueIdentifier>
      <Extensions>cpp;c;cc;cxx;c++;cppm;ixx;def;odl;idl;hpj;bat;asm;asmx</Extensions>
    </Filter>
    <Filter Include="ヘッダー ファイル">
      <UniqueIdentifier>{93995380-89BD-4b04-88EB-625FBE52EBFB}</UniqueIdentifier>
      <Extensions>h;hh;hpp;hxx;h++;hm;inl;inc;ipp;xsd</Extensions>
    </Filter>
    <Filter Include="リソース ファイル">
      <UniqueIdentifier>{67DA6AB6-F800-4c08-8B7A-83BB121AAD01}</UniqueIdentifier>
      <Extensions>rc;ico;cur;bmp;dlg;rc2;rct;bin;rgs;gif;jpg;jpeg;jpe;resx;tiff;tif;png;wav;mfcribbon-ms</Extensions>
    </Filter>
    <Filter Include="ソース ファイル\Player">
      <UniqueIdentifier>{30245e51-e8bc-4e02-ae22-45ec6b1e733d}</UniqueIdentifier>
    </Filter>
    <Filter Include="ソース ファイル\Enemy">
      <UniqueIdentifier>{887f18e7-de54-4005-9c11-bfab9ef19c91}</UniqueIdentifier>
    </Filter>
    <Filter Include="ソース ファイル\Boss">
      <UniqueIdentifier>{34203d6a-9937-4805-90d4-a25d437c3d73}</UniqueIdentifier>
    </Filter>
    <Filter Include="ソース ファイル\System">
      <UniqueIdentifier>{a67187fa-f2dc-4f66-af8c-5c1bd8898c41}</UniqueIdentifier>
    </Filter>
    <Filter Include="ソース ファイル\BackGround">
      <UniqueIdentifier>{29d36fed-1dfc-4c2c-8ebc-c4388c6624c6}</UniqueIdentifier>
    </Filter>
    <Filter Include="ソース ファイル\Other">
      <UniqueIdentifier>{0c25cdaf-74d1-4f93-b297-30ac8b5e89d2}</UniqueIdentifier>
    </Filter>
    <Filter Include="ソース ファイル\Shot">
      <UniqueIdentifier>{58ad19bb-7dbc-4c6c-8a39-e0c9204aab74}</UniqueIdentifier>
    </Filter>
    <Filter Include="ヘッダー ファイル\Enemy">
      <UniqueIdentifier>{bdc70544-9b9f-406b-aace-6b17916e46c3}</UniqueIdentifier>
    </Filter>
    <Filter Include="ヘッダー ファイル\Boss">
      <UniqueIdentifier>{e5d5f9b6-0d60-449f-ba4d-08d93720cfdc}</UniqueIdentifier>
    </Filter>
    <Filter Include="ヘッダー ファイル\BackGround">
      <UniqueIdentifier>{f0b1328b-8027-43cb-8231-66401febb38b}</UniqueIdentifier>
    </Filter>
    <Filter Include="ヘッダー ファイル\Shot">
      <UniqueIdentifier>{a483fa9d-9cda-48e6-8b64-436bfce89ac3}</UniqueIdentifier>
    </Filter>
    <Filter Include="ヘッダー ファイル\Other">
      <UniqueIdentifier>{97564e5c-661c-452d-a28f-64d53313f640}</UniqueIdentifier>
    </Filter>
    <Filter Include="ヘッダー ファイル\System">
      <UniqueIdentifier>{ec274791-01df-40bf-ad20-99c1fa4acd9d}</UniqueIdentifier>
    </Filter>
    <Filter Include="ヘッダー ファイル\Player">
      <UniqueIdentifier>{3bd2f3f3-5095-4708-9f67-d5dab7ca5dbd}</UniqueIdentifier>
    </Filter>
  </ItemGroup>
  <ItemGroup>
    <ClCompile Include="Boss.cpp">
      <Filter>ソース ファイル\Boss</Filter>
    </ClCompile>
    <ClCompile Include="Enemy1.cpp">
      <Filter>ソース ファイル\Enemy</Filter>
    </ClCompile>
    <ClCompile Include="Enemy2.cpp">
      <Filter>ソース ファイル\Enemy</Filter>
    </ClCompile>
    <ClCompile Include="Enemy3.cpp">
      <Filter>ソース ファイル\Enemy</Filter>
    </ClCompile>
    <ClCompile Include="Enemy4.cpp">
      <Filter>ソース ファイル\Enemy</Filter>
    </ClCompile>
    <ClCompile Include="Player.cpp">
      <Filter>ソース ファイル\Player</Filter>
    </ClCompile>
    <ClCompile Include="Main.cpp">
      <Filter>ソース ファイル\System</Filter>
    </ClCompile>
    <ClCompile Include="GameManager.cpp">
      <Filter>ソース ファイル\System</Filter>
    </ClCompile>
    <ClCompile Include="Back.cpp">
      <Filter>ソース ファイル\BackGround</Filter>
    </ClCompile>
    <ClCompile Include="Map.cpp">
      <Filter>ソース ファイル\BackGround</Filter>
    </ClCompile>
    <ClCompile Include="Time.cpp">
      <Filter>ソース ファイル\Other</Filter>
    </ClCompile>
    <ClCompile Include="BaseEndurance.cpp">
      <Filter>ソース ファイル\Other</Filter>
    </ClCompile>
    <ClCompile Include="Shot.cpp">
      <Filter>ソース ファイル\Shot</Filter>
    </ClCompile>
    <ClCompile Include="BossShot.cpp">
      <Filter>ソース ファイル\Shot</Filter>
    </ClCompile>
    <ClCompile Include="PlayerShot.cpp">
      <Filter>ソース ファイル\Shot</Filter>
    </ClCompile>
    <ClCompile Include="UI.cpp">
      <Filter>ソース ファイル\Other</Filter>
    </ClCompile>
    <ClCompile Include="BehavioralPattern.cpp">
      <Filter>ソース ファイル</Filter>
    </ClCompile>
  </ItemGroup>
  <ItemGroup>
    <ClInclude Include="Back.h">
      <Filter>ヘッダー ファイル\BackGround</Filter>
    </ClInclude>
    <ClInclude Include="BaseEndurance.h">
      <Filter>ヘッダー ファイル\Other</Filter>
    </ClInclude>
    <ClInclude Include="Boss.h">
      <Filter>ヘッダー ファイル\Boss</Filter>
    </ClInclude>
    <ClInclude Include="BossShot.h">
      <Filter>ヘッダー ファイル\Shot</Filter>
    </ClInclude>
    <ClInclude Include="Common.h">
      <Filter>ヘッダー ファイル\System</Filter>
    </ClInclude>
    <ClInclude Include="Effect.h">
      <Filter>ヘッダー ファイル\Other</Filter>
    </ClInclude>
    <ClInclude Include="Enemy1.h">
      <Filter>ヘッダー ファイル\Enemy</Filter>
    </ClInclude>
    <ClInclude Include="Enemy2.h">
      <Filter>ヘッダー ファイル\Enemy</Filter>
    </ClInclude>
    <ClInclude Include="Enemy3.h">
      <Filter>ヘッダー ファイル\Enemy</Filter>
    </ClInclude>
    <ClInclude Include="Enemy4.h">
      <Filter>ヘッダー ファイル\Enemy</Filter>
    </ClInclude>
    <ClInclude Include="GameManager.h">
      <Filter>ヘッダー ファイル\System</Filter>
    </ClInclude>
    <ClInclude Include="GameStatus.h">
      <Filter>ヘッダー ファイル\System</Filter>
    </ClInclude>
    <ClInclude Include="Map.h">
      <Filter>ヘッダー ファイル\BackGround</Filter>
    </ClInclude>
    <ClInclude Include="Player.h">
      <Filter>ヘッダー ファイル\Player</Filter>
    </ClInclude>
    <ClInclude Include="PlayerShot.h">
      <Filter>ヘッダー ファイル\Shot</Filter>
    </ClInclude>
    <ClInclude Include="Shot.h">
      <Filter>ヘッダー ファイル\Shot</Filter>
    </ClInclude>
    <ClInclude Include="Time.h">
      <Filter>ヘッダー ファイル\Other</Filter>
    </ClInclude>
    <ClInclude Include="UI.h">
      <Filter>ヘッダー ファイル\Other</Filter>
    </ClInclude>
    <ClInclude Include="BehavioralPattern.h">
      <Filter>ヘッダー ファイル\Enemy</Filter>
    </ClInclude>
  </ItemGroup>
</Project>